
Microsoft Visual Studio Solution File, Format Version 12.00
# Visual Studio Version 16
VisualStudioVersion = 16.0.33328.57
MinimumVisualStudioVersion = 10.0.40219.1
Project("{2150E333-8FDC-42A3-9474-1A3956D46DE8}") = "src", "src", "{3B8A5635-6861-4F5A-A3D5-3BE0FE6F3D74}"
EndProject
Project("{2150E333-8FDC-42A3-9474-1A3956D46DE8}") = "Solution Items", "Solution Items", "{AE9DB89E-992D-4E14-B634-27CB3BA93110}"
	ProjectSection(SolutionItems) = preProject
		ServiceUrls.txt = ServiceUrls.txt
	EndProjectSection
EndProject
Project("{2150E333-8FDC-42A3-9474-1A3956D46DE8}") = "ApiGateways", "ApiGateways", "{D0F44124-FAAF-4A13-9EDA-E89EA9799BAB}"
EndProject
Project("{2150E333-8FDC-42A3-9474-1A3956D46DE8}") = "BuildingBlocks", "BuildingBlocks", "{09770DC4-DFFE-41F0-8169-3D86056664D3}"
EndProject
Project("{2150E333-8FDC-42A3-9474-1A3956D46DE8}") = "Services", "Services", "{95A7EB74-2A23-4819-8ADC-7169767A973E}"
EndProject
Project("{2150E333-8FDC-42A3-9474-1A3956D46DE8}") = "Clients", "Clients", "{21E3058B-C354-4877-A547-0E612176C115}"
EndProject
Project("{2150E333-8FDC-42A3-9474-1A3956D46DE8}") = "WebApiGateway", "WebApiGateway", "{57B95732-BD1C-4854-9610-793F81AD9119}"
EndProject
Project("{FAE04EC0-301F-11D3-BF4B-00C04F79EFBC}") = "Web.ApiGateway", "src\ApiGateways\WebApiGateway\Web.ApiGateway\Web.ApiGateway.csproj", "{23863DED-447C-41C9-8E46-B2667A83A329}"
EndProject
Project("{2150E333-8FDC-42A3-9474-1A3956D46DE8}") = "EventBus", "EventBus", "{0BE076CD-5872-4E9F-8BAE-29FD719F164E}"
EndProject
Project("{FAE04EC0-301F-11D3-BF4B-00C04F79EFBC}") = "EventBus.Base", "src\BuildingBlocks\EventBus\EventBus.Base\EventBus.Base.csproj", "{F781E268-8736-4276-BCAD-FA19A6934707}"
EndProject
Project("{FAE04EC0-301F-11D3-BF4B-00C04F79EFBC}") = "EventBus.Factory", "src\BuildingBlocks\EventBus\EventBus.Factory\EventBus.Factory.csproj", "{7D7C0703-B74C-4308-8FFB-566E78EDFA4F}"
EndProject
Project("{FAE04EC0-301F-11D3-BF4B-00C04F79EFBC}") = "EventBus.AzureServiceBus", "src\BuildingBlocks\EventBus\EventBus.AzureServiceBus\EventBus.AzureServiceBus.csproj", "{3B48D927-71FF-4FCC-96A2-825F83DA69B6}"
EndProject
Project("{FAE04EC0-301F-11D3-BF4B-00C04F79EFBC}") = "EventBus.RabbitMQ", "src\BuildingBlocks\EventBus\EventBus.RabbitMQ\EventBus.RabbitMQ.csproj", "{15007F96-78E1-47D6-8A0F-635A93295132}"
EndProject
Global
	GlobalSection(SolutionConfigurationPlatforms) = preSolution
		Debug|Any CPU = Debug|Any CPU
		Release|Any CPU = Release|Any CPU
	EndGlobalSection
	GlobalSection(ProjectConfigurationPlatforms) = postSolution
		{23863DED-447C-41C9-8E46-B2667A83A329}.Debug|Any CPU.ActiveCfg = Debug|Any CPU
		{23863DED-447C-41C9-8E46-B2667A83A329}.Debug|Any CPU.Build.0 = Debug|Any CPU
		{23863DED-447C-41C9-8E46-B2667A83A329}.Release|Any CPU.ActiveCfg = Release|Any CPU
		{23863DED-447C-41C9-8E46-B2667A83A329}.Release|Any CPU.Build.0 = Release|Any CPU
		{F781E268-8736-4276-BCAD-FA19A6934707}.Debug|Any CPU.ActiveCfg = Debug|Any CPU
		{F781E268-8736-4276-BCAD-FA19A6934707}.Debug|Any CPU.Build.0 = Debug|Any CPU
		{F781E268-8736-4276-BCAD-FA19A6934707}.Release|Any CPU.ActiveCfg = Release|Any CPU
		{F781E268-8736-4276-BCAD-FA19A6934707}.Release|Any CPU.Build.0 = Release|Any CPU
		{7D7C0703-B74C-4308-8FFB-566E78EDFA4F}.Debug|Any CPU.ActiveCfg = Debug|Any CPU
		{7D7C0703-B74C-4308-8FFB-566E78EDFA4F}.Debug|Any CPU.Build.0 = Debug|Any CPU
		{7D7C0703-B74C-4308-8FFB-566E78EDFA4F}.Release|Any CPU.ActiveCfg = Release|Any CPU
		{7D7C0703-B74C-4308-8FFB-566E78EDFA4F}.Release|Any CPU.Build.0 = Release|Any CPU
		{3B48D927-71FF-4FCC-96A2-825F83DA69B6}.Debug|Any CPU.ActiveCfg = Debug|Any CPU
		{3B48D927-71FF-4FCC-96A2-825F83DA69B6}.Debug|Any CPU.Build.0 = Debug|Any CPU
		{3B48D927-71FF-4FCC-96A2-825F83DA69B6}.Release|Any CPU.ActiveCfg = Release|Any CPU
		{3B48D927-71FF-4FCC-96A2-825F83DA69B6}.Release|Any CPU.Build.0 = Release|Any CPU
		{15007F96-78E1-47D6-8A0F-635A93295132}.Debug|Any CPU.ActiveCfg = Debug|Any CPU
		{15007F96-78E1-47D6-8A0F-635A93295132}.Debug|Any CPU.Build.0 = Debug|Any CPU
		{15007F96-78E1-47D6-8A0F-635A93295132}.Release|Any CPU.ActiveCfg = Release|Any CPU
		{15007F96-78E1-47D6-8A0F-635A93295132}.Release|Any CPU.Build.0 = Release|Any CPU
	EndGlobalSection
	GlobalSection(SolutionProperties) = preSolution
		HideSolutionNode = FALSE
	EndGlobalSection
	GlobalSection(NestedProjects) = preSolution
		{D0F44124-FAAF-4A13-9EDA-E89EA9799BAB} = {3B8A5635-6861-4F5A-A3D5-3BE0FE6F3D74}
		{09770DC4-DFFE-41F0-8169-3D86056664D3} = {3B8A5635-6861-4F5A-A3D5-3BE0FE6F3D74}
		{95A7EB74-2A23-4819-8ADC-7169767A973E} = {3B8A5635-6861-4F5A-A3D5-3BE0FE6F3D74}
		{21E3058B-C354-4877-A547-0E612176C115} = {3B8A5635-6861-4F5A-A3D5-3BE0FE6F3D74}
		{57B95732-BD1C-4854-9610-793F81AD9119} = {D0F44124-FAAF-4A13-9EDA-E89EA9799BAB}
		{23863DED-447C-41C9-8E46-B2667A83A329} = {57B95732-BD1C-4854-9610-793F81AD9119}
		{0BE076CD-5872-4E9F-8BAE-29FD719F164E} = {09770DC4-DFFE-41F0-8169-3D86056664D3}
		{F781E268-8736-4276-BCAD-FA19A6934707} = {0BE076CD-5872-4E9F-8BAE-29FD719F164E}
		{7D7C0703-B74C-4308-8FFB-566E78EDFA4F} = {0BE076CD-5872-4E9F-8BAE-29FD719F164E}
		{3B48D927-71FF-4FCC-96A2-825F83DA69B6} = {0BE076CD-5872-4E9F-8BAE-29FD719F164E}
		{15007F96-78E1-47D6-8A0F-635A93295132} = {0BE076CD-5872-4E9F-8BAE-29FD719F164E}
	EndGlobalSection
	GlobalSection(ExtensibilityGlobals) = postSolution
		SolutionGuid = {C5C47527-553D-4CAC-BE45-3B84447F222D}
	EndGlobalSection
EndGlobal
